// !$*UTF8*$!
{
	archiveVersion = 1;
	classes = {
	};
	objectVersion = 46;
	objects = {

/* Begin PBXBuildFile section */
		962E9F901CACD7A3008C7EF4 /* main.m in Sources */ = {isa = PBXBuildFile; fileRef = 962E9F8F1CACD7A3008C7EF4 /* main.m */; };
		962E9F931CACD7A3008C7EF4 /* AppDelegate.m in Sources */ = {isa = PBXBuildFile; fileRef = 962E9F921CACD7A3008C7EF4 /* AppDelegate.m */; };
		962E9F961CACD7A3008C7EF4 /* ViewController.m in Sources */ = {isa = PBXBuildFile; fileRef = 962E9F951CACD7A3008C7EF4 /* ViewController.m */; };
		962E9F991CACD7A3008C7EF4 /* Main.storyboard in Resources */ = {isa = PBXBuildFile; fileRef = 962E9F971CACD7A3008C7EF4 /* Main.storyboard */; };
		962E9F9B1CACD7A3008C7EF4 /* Assets.xcassets in Resources */ = {isa = PBXBuildFile; fileRef = 962E9F9A1CACD7A3008C7EF4 /* Assets.xcassets */; };
		962E9F9E1CACD7A3008C7EF4 /* LaunchScreen.storyboard in Resources */ = {isa = PBXBuildFile; fileRef = 962E9F9C1CACD7A3008C7EF4 /* LaunchScreen.storyboard */; };
/* End PBXBuildFile section */

/* Begin PBXFileReference section */
		962E9F8B1CACD7A3008C7EF4 /* testDemo.app */ = {isa = PBXFileReference; explicitFileType = wrapper.application; includeInIndex = 0; path = testDemo.app; sourceTree = BUILT_PRODUCTS_DIR; };
		962E9F8F1CACD7A3008C7EF4 /* main.m */ = {isa = PBXFileReference; lastKnownFileType = sourcecode.c.objc; path = main.m; sourceTree = "<group>"; };
		962E9F911CACD7A3008C7EF4 /* AppDelegate.h */ = {isa = PBXFileReference; lastKnownFileType = sourcecode.c.h; path = AppDelegate.h; sourceTree = "<group>"; };
		962E9F921CACD7A3008C7EF4 /* AppDelegate.m */ = {isa = PBXFileReference; lastKnownFileType = sourcecode.c.objc; path = AppDelegate.m; sourceTree = "<group>"; };
		962E9F941CACD7A3008C7EF4 /* ViewController.h */ = {isa = PBXFileReference; lastKnownFileType = sourcecode.c.h; path = ViewController.h; sourceTree = "<group>"; };
		962E9F951CACD7A3008C7EF4 /* ViewController.m */ = {isa = PBXFileReference; lastKnownFileType = sourcecode.c.objc; path = ViewController.m; sourceTree = "<group>"; };
		962E9F981CACD7A3008C7EF4 /* Base */ = {isa = PBXFileReference; lastKnownFileType = file.storyboard; name = Base; path = Base.lproj/Main.storyboard; sourceTree = "<group>"; };
		962E9F9A1CACD7A3008C7EF4 /* Assets.xcassets */ = {isa = PBXFileReference; lastKnownFileType = folder.assetcatalog; path = Assets.xcassets; sourceTree = "<group>"; };
		962E9F9D1CACD7A3008C7EF4 /* Base */ = {isa = PBXFileReference; lastKnownFileType = file.storyboard; name = Base; path = Base.lproj/LaunchScreen.storyboard; sourceTree = "<group>"; };
		962E9F9F1CACD7A3008C7EF4 /* Info.plist */ = {isa = PBXFileReference; lastKnownFileType = text.plist.xml; path = Info.plist; sourceTree = "<group>"; };
/* End PBXFileReference section */

/* Begin PBXFrameworksBuildPhase section */
		962E9F881CACD7A3008C7EF4 /* Frameworks */ = {
			isa = PBXFrameworksBuildPhase;
			buildActionMask = 2147483647;
			files = (
			);
			runOnlyForDeploymentPostprocessing = 0;
		};
/* End PBXFrameworksBuildPhase section */

/* Begin PBXGroup section */
		962E9F821CACD7A3008C7EF4 = {
			isa = PBXGroup;
			children = (
				962E9F8D1CACD7A3008C7EF4 /* testDemo */,
				962E9F8C1CACD7A3008C7EF4 /* Products */,
			);
			sourceTree = "<group>";
		};
		962E9F8C1CACD7A3008C7EF4 /* Products */ = {
			isa = PBXGroup;
			children = (
				962E9F8B1CACD7A3008C7EF4 /* testDemo.app */,
			);
			name = Products;
			sourceTree = "<group>";
		};
		962E9F8D1CACD7A3008C7EF4 /* testDemo */ = {
			isa = PBXGroup;
			children = (
				962E9F911CACD7A3008C7EF4 /* AppDelegate.h */,
				962E9F921CACD7A3008C7EF4 /* AppDelegate.m */,
				962E9F941CACD7A3008C7EF4 /* ViewController.h */,
				962E9F951CACD7A3008C7EF4 /* ViewController.m */,
				962E9F971CACD7A3008C7EF4 /* Main.storyboard */,
				962E9F9A1CACD7A3008C7EF4 /* Assets.xcassets */,
				962E9F9C1CACD7A3008C7EF4 /* LaunchScreen.storyboard */,
				962E9F9F1CACD7A3008C7EF4 /* Info.plist */,
				962E9F8E1CACD7A3008C7EF4 /* Supporting Files */,
			);
			path = testDemo;
			sourceTree = "<group>";
		};
		962E9F8E1CACD7A3008C7EF4 /* Supporting Files */ = {
			isa = PBXGroup;
			children = (
				962E9F8F1CACD7A3008C7EF4 /* main.m */,
			);
			name = "Supporting Files";
			sourceTree = "<group>";
		};
/* End PBXGroup section */

/* Begin PBXNativeTarget section */
		962E9F8A1CACD7A3008C7EF4 /* testDemo */ = {
			isa = PBXNativeTarget;
			buildConfigurationList = 962E9FA21CACD7A3008C7EF4 /* Build configuration list for PBXNativeTarget "testDemo" */;
			buildPhases = (
				962E9F871CACD7A3008C7EF4 /* Sources */,
				962E9F881CACD7A3008C7EF4 /* Frameworks */,
				962E9F891CACD7A3008C7EF4 /* Resources */,
			);
			buildRules = (
			);
			dependencies = (
			);
			name = testDemo;
			productName = testDemo;
			productReference = 962E9F8B1CACD7A3008C7EF4 /* testDemo.app */;
			productType = "com.apple.product-type.application";
		};
/* End PBXNativeTarget section */

/* Begin PBXProject section */
		962E9F831CACD7A3008C7EF4 /* Project object */ = {
			isa = PBXProject;
			attributes = {
				LastUpgradeCheck = 0730;
				ORGANIZATIONNAME = Jason;
				TargetAttributes = {
					962E9F8A1CACD7A3008C7EF4 = {
						CreatedOnToolsVersion = 7.3;
					};
				};
			};
			buildConfigurationList = 962E9F861CACD7A3008C7EF4 /* Build configuration list for PBXProject "testDemo" */;
			compatibilityVersion = "Xcode 3.2";
			developmentRegion = English;
			hasScannedForEncodings = 0;
			knownRegions = (
				en,
				Base,
			);
			mainGroup = 962E9F821CACD7A3008C7EF4;
			productRefGroup = 962E9F8C1CACD7A3008C7EF4 /* Products */;
			projectDirPath = "";
			projectRoot = "";
			targets = (
				962E9F8A1CACD7A3008C7EF4 /* testDemo */,
			);
		};
/* End PBXProject section */

/* Begin PBXResourcesBuildPhase section */
		962E9F891CACD7A3008C7EF4 /* Resources */ = {
			isa = PBXResourcesBuildPhase;
			buildActionMask = 2147483647;
			files = (
				962E9F9E1CACD7A3008C7EF4 /* LaunchScreen.storyboard in Resources */,
				962E9F9B1CACD7A3008C7EF4 /* Assets.xcassets in Resources */,
				962E9F991CACD7A3008C7EF4 /* Main.storyboard in Resources */,
			);
			runOnlyForDeploymentPostprocessing = 0;
		};
/* End PBXResourcesBuildPhase section */

/* Begin PBXSourcesBuildPhase section */
		962E9F871CACD7A3008C7EF4 /* Sources */ = {
			isa = PBXSourcesBuildPhase;
			buildActionMask = 2147483647;
			files = (
				962E9F961CACD7A3008C7EF4 /* ViewController.m in Sources */,
				962E9F931CACD7A3008C7EF4 /* AppDelegate.m in Sources */,
				962E9F901CACD7A3008C7EF4 /* main.m in Sources */,
			);
			runOnlyForDeploymentPostprocessing = 0;
		};
/* End PBXSourcesBuildPhase section */

/* Begin PBXVariantGroup section */
		962E9F971CACD7A3008C7EF4 /* Main.storyboard */ = {
			isa = PBXVariantGroup;
			children = (
				962E9F981CACD7A3008C7EF4 /* Base */,
			);
			name = Main.storyboard;
			sourceTree = "<group>";
		};
		962E9F9C1CACD7A3008C7EF4 /* LaunchScreen.storyboard */ = {
			isa = PBXVariantGroup;
			children = (
				962E9F9D1CACD7A3008C7EF4 /* Base */,
			);
			name = LaunchScreen.storyboard;
			sourceTree = "<group>";
		};
/* End PBXVariantGroup section */

/* Begin XCBuildConfiguration section */
		962E9FA01CACD7A3008C7EF4 /* Debug */ = {
			isa = XCBuildConfiguration;
			buildSettings = {
				ALWAYS_SEARCH_USER_PATHS = NO;
				CLANG_ANALYZER_NONNULL = YES;
				CLANG_CXX_LANGUAGE_STANDARD = "gnu++0x";
				CLANG_CXX_LIBRARY = "libc++";
				CLANG_ENABLE_MODULES = YES;
				CLANG_ENABLE_OBJC_ARC = YES;
				CLANG_WARN_BOOL_CONVERSION = YES;
				CLANG_WARN_CONSTANT_CONVERSION = YES;
				CLANG_WARN_DIRECT_OBJC_ISA_USAGE = YES_ERROR;
				CLANG_WARN_EMPTY_BODY = YES;
				CLANG_WARN_ENUM_CONVERSION = YES;
				CLANG_WARN_INT_CONVERSION = YES;
				CLANG_WARN_OBJC_ROOT_CLASS = YES_ERROR;
				CLANG_WARN_UNREACHABLE_CODE = YES;
				CLANG_WARN__DUPLICATE_METHOD_MATCH = YES;
				CODE_SIGN_IDENTITY = "iPhone Developer: Guoxing Jiang (NH4JYC34AZ)";
				"CODE_SIGN_IDENTITY[sdk=iphoneos*]" = "iPhone Developer: Guoxing Jiang (NH4JYC34AZ)";
				COPY_PHASE_STRIP = NO;
				DEBUG_INFORMATION_FORMAT = dwarf;
				ENABLE_STRICT_OBJC_MSGSEND = YES;
				ENABLE_TESTABILITY = YES;
				GCC_C_LANGUAGE_STANDARD = gnu99;
				GCC_DYNAMIC_NO_PIC = NO;
				GCC_NO_COMMON_BLOCKS = YES;
				GCC_OPTIMIZATION_LEVEL = 0;
				GCC_PREPROCESSOR_DEFINITIONS = (
					"DEBUG=1",
					"$(inherited)",
				);
				GCC_WARN_64_TO_32_BIT_CONVERSION = YES;
				GCC_WARN_ABOUT_RETURN_TYPE = YES_ERROR;
				GCC_WARN_UNDECLARED_SELECTOR = YES;
				GCC_WARN_UNINITIALIZED_AUTOS = YES_AGGRESSIVE;
				GCC_WARN_UNUSED_FUNCTION = YES;
				GCC_WARN_UNUSED_VARIABLE = YES;
				IPHONEOS_DEPLOYMENT_TARGET = 9.3;
				MTL_ENABLE_DEBUG_INFO = YES;
				ONLY_ACTIVE_ARCH = YES;
				PROVISIONING_PROFILE = "9558ba30-5989-44d4-94ee-293340670fc6";
				SDKROOT = iphoneos;
				TARGETED_DEVICE_FAMILY = "1,2";
			};
			name = Debug;
		};
		962E9FA11CACD7A3008C7EF4 /* Release */ = {
			isa = XCBuildConfiguration;
			buildSettings = {
				ALWAYS_SEARCH_USER_PATHS = NO;
				CLANG_ANALYZER_NONNULL = YES;
				CLANG_CXX_LANGUAGE_STANDARD = "gnu++0x";
				CLANG_CXX_LIBRARY = "libc++";
				CLANG_ENABLE_MODULES = YES;
				CLANG_ENABLE_OBJC_ARC = YES;
				CLANG_WARN_BOOL_CONVERSION = YES;
				CLANG_WARN_CONSTANT_CONVERSION = YES;
				CLANG_WARN_DIRECT_OBJC_ISA_USAGE = YES_ERROR;
				CLANG_WARN_EMPTY_BODY = YES;
				CLANG_WARN_ENUM_CONVERSION = YES;
				CLANG_WARN_INT_CONVERSION = YES;
				CLANG_WARN_OBJC_ROOT_CLASS = YES_ERROR;
				CLANG_WARN_UNREACHABLE_CODE = YES;
				CLANG_WARN__DUPLICATE_METHOD_MATCH = YES;
				CODE_SIGN_IDENTITY = "iPhone Developer: Guoxing Jiang (NH4JYC34AZ)";
				"CODE_SIGN_IDENTITY[sdk=iphoneos*]" = "iPhone Developer: Guoxing Jiang (NH4JYC34AZ)";
				COPY_PHASE_STRIP = NO;
				DEBUG_INFORMATION_FORMAT = "dwarf-with-dsym";
				ENABLE_NS_ASSERTIONS = NO;
				ENABLE_STRICT_OBJC_MSGSEND = YES;
				GCC_C_LANGUAGE_STANDARD = gnu99;
				GCC_NO_COMMON_BLOCKS = YES;
				GCC_WARN_64_TO_32_BIT_CONVERSION = YES;
				GCC_WARN_ABOUT_RETURN_TYPE = YES_ERROR;
				GCC_WARN_UNDECLARED_SELECTOR = YES;
				GCC_WARN_UNINITIALIZED_AUTOS = YES_AGGRESSIVE;
				GCC_WARN_UNUSED_FUNCTION = YES;
				GCC_WARN_UNUSED_VARIABLE = YES;
				IPHONEOS_DEPLOYMENT_TARGET = 9.3;
				MTL_ENABLE_DEBUG_INFO = NO;
				PROVISIONING_PROFILE = "9558ba30-5989-44d4-94ee-293340670fc6";
				SDKROOT = iphoneos;
				TARGETED_DEVICE_FAMILY = "1,2";
				VALIDATE_PRODUCT = YES;
			};
			name = Release;
		};
		962E9FA31CACD7A3008C7EF4 /* Debug */ = {
			isa = XCBuildConfiguration;
			buildSettings = {
				ASSETCATALOG_COMPILER_APPICON_NAME = AppIcon;
				INFOPLIST_FILE = testDemo/Info.plist;
				IPHONEOS_DEPLOYMENT_TARGET = 7.0;
				LD_RUNPATH_SEARCH_PATHS = "$(inherited) @executable_path/Frameworks";
				PRODUCT_BUNDLE_IDENTIFIER = com.chnsys.InternetKT;
				PRODUCT_NAME = "$(TARGET_NAME)";
				PROVISIONING_PROFILE = "9558ba30-5989-44d4-94ee-293340670fc6";
			};
			name = Debug;
		};
		962E9FA41CACD7A3008C7EF4 /* Release */ = {
			isa = XCBuildConfiguration;
			buildSettings = {
				ASSETCATALOG_COMPILER_APPICON_NAME = AppIcon;
				INFOPLIST_FILE = testDemo/Info.plist;
				IPHONEOS_DEPLOYMENT_TARGET = 7.0;
				LD_RUNPATH_SEARCH_PATHS = "$(inherited) @executable_path/Frameworks";
				PRODUCT_BUNDLE_IDENTIFIER = com.chnsys.InternetKT;
				PRODUCT_NAME = "$(TARGET_NAME)";
				PROVISIONING_PROFILE = "9558ba30-5989-44d4-94ee-293340670fc6";
			};
			name = Release;
		};
/* End XCBuildConfiguration section */

/* Begin XCConfigurationList section */
		962E9F861CACD7A3008C7EF4 /* Build configuration list for PBXProject "testDemo" */ = {
			isa = XCConfigurationList;
			buildConfigurations = (
				962E9FA01CACD7A3008C7EF4 /* Debug */,
				962E9FA11CACD7A3008C7EF4 /* Release */,
			);
			defaultConfigurationIsVisible = 0;
			defaultConfigurationName = Release;
		};
		962E9FA21CACD7A3008C7EF4 /* Build configuration list for PBXNativeTarget "testDemo" */ = {
			isa = XCConfigurationList;
			buildConfigurations = (
				962E9FA31CACD7A3008C7EF4 /* Debug */,
				962E9FA41CACD7A3008C7EF4 /* Release */,
			);
			defaultConfigurationIsVisible = 0;
			defaultConfigurationName = Release;
		};
/* End XCConfigurationList section */
	};
	rootObject = 962E9F831CACD7A3008C7EF4 /* Project object */;
}
