// !$*UTF8*$!
{
	archiveVersion = 1;
	classes = {
	};
	objectVersion = 46;
	objects = {

/* Begin PBXBuildFile section */
		96C74EA81CCF0785001C433A /* main.m in Sources */ = {isa = PBXBuildFile; fileRef = 96C74EA71CCF0785001C433A /* main.m */; };
		96C74EAB1CCF0785001C433A /* AppDelegate.m in Sources */ = {isa = PBXBuildFile; fileRef = 96C74EAA1CCF0785001C433A /* AppDelegate.m */; };
		96C74EAE1CCF0785001C433A /* ViewController.m in Sources */ = {isa = PBXBuildFile; fileRef = 96C74EAD1CCF0785001C433A /* ViewController.m */; };
		96C74EB11CCF0785001C433A /* Main.storyboard in Resources */ = {isa = PBXBuildFile; fileRef = 96C74EAF1CCF0785001C433A /* Main.storyboard */; };
		96C74EB31CCF0785001C433A /* Assets.xcassets in Resources */ = {isa = PBXBuildFile; fileRef = 96C74EB21CCF0785001C433A /* Assets.xcassets */; };
		96C74EB61CCF0785001C433A /* LaunchScreen.storyboard in Resources */ = {isa = PBXBuildFile; fileRef = 96C74EB41CCF0785001C433A /* LaunchScreen.storyboard */; };
/* End PBXBuildFile section */

/* Begin PBXFileReference section */
		96C74EA31CCF0785001C433A /* SFSafariVC.app */ = {isa = PBXFileReference; explicitFileType = wrapper.application; includeInIndex = 0; path = SFSafariVC.app; sourceTree = BUILT_PRODUCTS_DIR; };
		96C74EA71CCF0785001C433A /* main.m */ = {isa = PBXFileReference; lastKnownFileType = sourcecode.c.objc; path = main.m; sourceTree = "<group>"; };
		96C74EA91CCF0785001C433A /* AppDelegate.h */ = {isa = PBXFileReference; lastKnownFileType = sourcecode.c.h; path = AppDelegate.h; sourceTree = "<group>"; };
		96C74EAA1CCF0785001C433A /* AppDelegate.m */ = {isa = PBXFileReference; lastKnownFileType = sourcecode.c.objc; path = AppDelegate.m; sourceTree = "<group>"; };
		96C74EAC1CCF0785001C433A /* ViewController.h */ = {isa = PBXFileReference; lastKnownFileType = sourcecode.c.h; path = ViewController.h; sourceTree = "<group>"; };
		96C74EAD1CCF0785001C433A /* ViewController.m */ = {isa = PBXFileReference; lastKnownFileType = sourcecode.c.objc; path = ViewController.m; sourceTree = "<group>"; };
		96C74EB01CCF0785001C433A /* Base */ = {isa = PBXFileReference; lastKnownFileType = file.storyboard; name = Base; path = Base.lproj/Main.storyboard; sourceTree = "<group>"; };
		96C74EB21CCF0785001C433A /* Assets.xcassets */ = {isa = PBXFileReference; lastKnownFileType = folder.assetcatalog; path = Assets.xcassets; sourceTree = "<group>"; };
		96C74EB51CCF0785001C433A /* Base */ = {isa = PBXFileReference; lastKnownFileType = file.storyboard; name = Base; path = Base.lproj/LaunchScreen.storyboard; sourceTree = "<group>"; };
		96C74EB71CCF0785001C433A /* Info.plist */ = {isa = PBXFileReference; lastKnownFileType = text.plist.xml; path = Info.plist; sourceTree = "<group>"; };
/* End PBXFileReference section */

/* Begin PBXFrameworksBuildPhase section */
		96C74EA01CCF0785001C433A /* Frameworks */ = {
			isa = PBXFrameworksBuildPhase;
			buildActionMask = 2147483647;
			files = (
			);
			runOnlyForDeploymentPostprocessing = 0;
		};
/* End PBXFrameworksBuildPhase section */

/* Begin PBXGroup section */
		96C74E9A1CCF0785001C433A = {
			isa = PBXGroup;
			children = (
				96C74EA51CCF0785001C433A /* SFSafariVC */,
				96C74EA41CCF0785001C433A /* Products */,
			);
			sourceTree = "<group>";
		};
		96C74EA41CCF0785001C433A /* Products */ = {
			isa = PBXGroup;
			children = (
				96C74EA31CCF0785001C433A /* SFSafariVC.app */,
			);
			name = Products;
			sourceTree = "<group>";
		};
		96C74EA51CCF0785001C433A /* SFSafariVC */ = {
			isa = PBXGroup;
			children = (
				96C74EA91CCF0785001C433A /* AppDelegate.h */,
				96C74EAA1CCF0785001C433A /* AppDelegate.m */,
				96C74EAC1CCF0785001C433A /* ViewController.h */,
				96C74EAD1CCF0785001C433A /* ViewController.m */,
				96C74EAF1CCF0785001C433A /* Main.storyboard */,
				96C74EB21CCF0785001C433A /* Assets.xcassets */,
				96C74EB41CCF0785001C433A /* LaunchScreen.storyboard */,
				96C74EB71CCF0785001C433A /* Info.plist */,
				96C74EA61CCF0785001C433A /* Supporting Files */,
			);
			path = SFSafariVC;
			sourceTree = "<group>";
		};
		96C74EA61CCF0785001C433A /* Supporting Files */ = {
			isa = PBXGroup;
			children = (
				96C74EA71CCF0785001C433A /* main.m */,
			);
			name = "Supporting Files";
			sourceTree = "<group>";
		};
/* End PBXGroup section */

/* Begin PBXNativeTarget section */
		96C74EA21CCF0785001C433A /* SFSafariVC */ = {
			isa = PBXNativeTarget;
			buildConfigurationList = 96C74EBA1CCF0785001C433A /* Build configuration list for PBXNativeTarget "SFSafariVC" */;
			buildPhases = (
				96C74E9F1CCF0785001C433A /* Sources */,
				96C74EA01CCF0785001C433A /* Frameworks */,
				96C74EA11CCF0785001C433A /* Resources */,
			);
			buildRules = (
			);
			dependencies = (
			);
			name = SFSafariVC;
			productName = SFSafariVC;
			productReference = 96C74EA31CCF0785001C433A /* SFSafariVC.app */;
			productType = "com.apple.product-type.application";
		};
/* End PBXNativeTarget section */

/* Begin PBXProject section */
		96C74E9B1CCF0785001C433A /* Project object */ = {
			isa = PBXProject;
			attributes = {
				LastUpgradeCheck = 0730;
				ORGANIZATIONNAME = Jason;
				TargetAttributes = {
					96C74EA21CCF0785001C433A = {
						CreatedOnToolsVersion = 7.3;
					};
				};
			};
			buildConfigurationList = 96C74E9E1CCF0785001C433A /* Build configuration list for PBXProject "SFSafariVC" */;
			compatibilityVersion = "Xcode 3.2";
			developmentRegion = English;
			hasScannedForEncodings = 0;
			knownRegions = (
				en,
				Base,
			);
			mainGroup = 96C74E9A1CCF0785001C433A;
			productRefGroup = 96C74EA41CCF0785001C433A /* Products */;
			projectDirPath = "";
			projectRoot = "";
			targets = (
				96C74EA21CCF0785001C433A /* SFSafariVC */,
			);
		};
/* End PBXProject section */

/* Begin PBXResourcesBuildPhase section */
		96C74EA11CCF0785001C433A /* Resources */ = {
			isa = PBXResourcesBuildPhase;
			buildActionMask = 2147483647;
			files = (
				96C74EB61CCF0785001C433A /* LaunchScreen.storyboard in Resources */,
				96C74EB31CCF0785001C433A /* Assets.xcassets in Resources */,
				96C74EB11CCF0785001C433A /* Main.storyboard in Resources */,
			);
			runOnlyForDeploymentPostprocessing = 0;
		};
/* End PBXResourcesBuildPhase section */

/* Begin PBXSourcesBuildPhase section */
		96C74E9F1CCF0785001C433A /* Sources */ = {
			isa = PBXSourcesBuildPhase;
			buildActionMask = 2147483647;
			files = (
				96C74EAE1CCF0785001C433A /* ViewController.m in Sources */,
				96C74EAB1CCF0785001C433A /* AppDelegate.m in Sources */,
				96C74EA81CCF0785001C433A /* main.m in Sources */,
			);
			runOnlyForDeploymentPostprocessing = 0;
		};
/* End PBXSourcesBuildPhase section */

/* Begin PBXVariantGroup section */
		96C74EAF1CCF0785001C433A /* Main.storyboard */ = {
			isa = PBXVariantGroup;
			children = (
				96C74EB01CCF0785001C433A /* Base */,
			);
			name = Main.storyboard;
			sourceTree = "<group>";
		};
		96C74EB41CCF0785001C433A /* LaunchScreen.storyboard */ = {
			isa = PBXVariantGroup;
			children = (
				96C74EB51CCF0785001C433A /* Base */,
			);
			name = LaunchScreen.storyboard;
			sourceTree = "<group>";
		};
/* End PBXVariantGroup section */

/* Begin XCBuildConfiguration section */
		96C74EB81CCF0785001C433A /* Debug */ = {
			isa = XCBuildConfiguration;
			buildSettings = {
				ALWAYS_SEARCH_USER_PATHS = NO;
				CLANG_ANALYZER_NONNULL = YES;
				CLANG_CXX_LANGUAGE_STANDARD = "gnu++0x";
				CLANG_CXX_LIBRARY = "libc++";
				CLANG_ENABLE_MODULES = YES;
				CLANG_ENABLE_OBJC_ARC = YES;
				CLANG_WARN_BOOL_CONVERSION = YES;
				CLANG_WARN_CONSTANT_CONVERSION = YES;
				CLANG_WARN_DIRECT_OBJC_ISA_USAGE = YES_ERROR;
				CLANG_WARN_EMPTY_BODY = YES;
				CLANG_WARN_ENUM_CONVERSION = YES;
				CLANG_WARN_INT_CONVERSION = YES;
				CLANG_WARN_OBJC_ROOT_CLASS = YES_ERROR;
				CLANG_WARN_UNREACHABLE_CODE = YES;
				CLANG_WARN__DUPLICATE_METHOD_MATCH = YES;
				"CODE_SIGN_IDENTITY[sdk=iphoneos*]" = "iPhone Developer";
				COPY_PHASE_STRIP = NO;
				DEBUG_INFORMATION_FORMAT = dwarf;
				ENABLE_STRICT_OBJC_MSGSEND = YES;
				ENABLE_TESTABILITY = YES;
				GCC_C_LANGUAGE_STANDARD = gnu99;
				GCC_DYNAMIC_NO_PIC = NO;
				GCC_NO_COMMON_BLOCKS = YES;
				GCC_OPTIMIZATION_LEVEL = 0;
				GCC_PREPROCESSOR_DEFINITIONS = (
					"DEBUG=1",
					"$(inherited)",
				);
				GCC_WARN_64_TO_32_BIT_CONVERSION = YES;
				GCC_WARN_ABOUT_RETURN_TYPE = YES_ERROR;
				GCC_WARN_UNDECLARED_SELECTOR = YES;
				GCC_WARN_UNINITIALIZED_AUTOS = YES_AGGRESSIVE;
				GCC_WARN_UNUSED_FUNCTION = YES;
				GCC_WARN_UNUSED_VARIABLE = YES;
				IPHONEOS_DEPLOYMENT_TARGET = 9.3;
				MTL_ENABLE_DEBUG_INFO = YES;
				ONLY_ACTIVE_ARCH = YES;
				SDKROOT = iphoneos;
			};
			name = Debug;
		};
		96C74EB91CCF0785001C433A /* Release */ = {
			isa = XCBuildConfiguration;
			buildSettings = {
				ALWAYS_SEARCH_USER_PATHS = NO;
				CLANG_ANALYZER_NONNULL = YES;
				CLANG_CXX_LANGUAGE_STANDARD = "gnu++0x";
				CLANG_CXX_LIBRARY = "libc++";
				CLANG_ENABLE_MODULES = YES;
				CLANG_ENABLE_OBJC_ARC = YES;
				CLANG_WARN_BOOL_CONVERSION = YES;
				CLANG_WARN_CONSTANT_CONVERSION = YES;
				CLANG_WARN_DIRECT_OBJC_ISA_USAGE = YES_ERROR;
				CLANG_WARN_EMPTY_BODY = YES;
				CLANG_WARN_ENUM_CONVERSION = YES;
				CLANG_WARN_INT_CONVERSION = YES;
				CLANG_WARN_OBJC_ROOT_CLASS = YES_ERROR;
				CLANG_WARN_UNREACHABLE_CODE = YES;
				CLANG_WARN__DUPLICATE_METHOD_MATCH = YES;
				"CODE_SIGN_IDENTITY[sdk=iphoneos*]" = "iPhone Developer";
				COPY_PHASE_STRIP = NO;
				DEBUG_INFORMATION_FORMAT = "dwarf-with-dsym";
				ENABLE_NS_ASSERTIONS = NO;
				ENABLE_STRICT_OBJC_MSGSEND = YES;
				GCC_C_LANGUAGE_STANDARD = gnu99;
				GCC_NO_COMMON_BLOCKS = YES;
				GCC_WARN_64_TO_32_BIT_CONVERSION = YES;
				GCC_WARN_ABOUT_RETURN_TYPE = YES_ERROR;
				GCC_WARN_UNDECLARED_SELECTOR = YES;
				GCC_WARN_UNINITIALIZED_AUTOS = YES_AGGRESSIVE;
				GCC_WARN_UNUSED_FUNCTION = YES;
				GCC_WARN_UNUSED_VARIABLE = YES;
				IPHONEOS_DEPLOYMENT_TARGET = 9.3;
				MTL_ENABLE_DEBUG_INFO = NO;
				SDKROOT = iphoneos;
				VALIDATE_PRODUCT = YES;
			};
			name = Release;
		};
		96C74EBB1CCF0785001C433A /* Debug */ = {
			isa = XCBuildConfiguration;
			buildSettings = {
				ASSETCATALOG_COMPILER_APPICON_NAME = AppIcon;
				INFOPLIST_FILE = SFSafariVC/Info.plist;
				LD_RUNPATH_SEARCH_PATHS = "$(inherited) @executable_path/Frameworks";
				PRODUCT_BUNDLE_IDENTIFIER = com.chnsys.SFSafariVC;
				PRODUCT_NAME = "$(TARGET_NAME)";
			};
			name = Debug;
		};
		96C74EBC1CCF0785001C433A /* Release */ = {
			isa = XCBuildConfiguration;
			buildSettings = {
				ASSETCATALOG_COMPILER_APPICON_NAME = AppIcon;
				INFOPLIST_FILE = SFSafariVC/Info.plist;
				LD_RUNPATH_SEARCH_PATHS = "$(inherited) @executable_path/Frameworks";
				PRODUCT_BUNDLE_IDENTIFIER = com.chnsys.SFSafariVC;
				PRODUCT_NAME = "$(TARGET_NAME)";
			};
			name = Release;
		};
/* End XCBuildConfiguration section */

/* Begin XCConfigurationList section */
		96C74E9E1CCF0785001C433A /* Build configuration list for PBXProject "SFSafariVC" */ = {
			isa = XCConfigurationList;
			buildConfigurations = (
				96C74EB81CCF0785001C433A /* Debug */,
				96C74EB91CCF0785001C433A /* Release */,
			);
			defaultConfigurationIsVisible = 0;
			defaultConfigurationName = Release;
		};
		96C74EBA1CCF0785001C433A /* Build configuration list for PBXNativeTarget "SFSafariVC" */ = {
			isa = XCConfigurationList;
			buildConfigurations = (
				96C74EBB1CCF0785001C433A /* Debug */,
				96C74EBC1CCF0785001C433A /* Release */,
			);
			defaultConfigurationIsVisible = 0;
		};
/* End XCConfigurationList section */
	};
	rootObject = 96C74E9B1CCF0785001C433A /* Project object */;
}
